// !$*UTF8*$!
{
	archiveVersion = 1;
	classes = {
	};
	objectVersion = 50;
	objects = {

/* Begin PBXBuildFile section */
		E08028D92552EEA8005262A1 /* AppDelegate.swift in Sources */ = {isa = PBXBuildFile; fileRef = E08028D82552EEA8005262A1 /* AppDelegate.swift */; };
		E08028DB2552EEA8005262A1 /* SceneDelegate.swift in Sources */ = {isa = PBXBuildFile; fileRef = E08028DA2552EEA8005262A1 /* SceneDelegate.swift */; };
		E08028DD2552EEA8005262A1 /* ViewController.swift in Sources */ = {isa = PBXBuildFile; fileRef = E08028DC2552EEA8005262A1 /* ViewController.swift */; };
		E08028E02552EEA8005262A1 /* Main.storyboard in Resources */ = {isa = PBXBuildFile; fileRef = E08028DE2552EEA8005262A1 /* Main.storyboard */; };
		E08028E22552EEA9005262A1 /* Assets.xcassets in Resources */ = {isa = PBXBuildFile; fileRef = E08028E12552EEA9005262A1 /* Assets.xcassets */; };
		E08028E52552EEA9005262A1 /* LaunchScreen.storyboard in Resources */ = {isa = PBXBuildFile; fileRef = E08028E32552EEA9005262A1 /* LaunchScreen.storyboard */; };
		E08028F02552EEA9005262A1 /* FoodTruckerGoodTests.swift in Sources */ = {isa = PBXBuildFile; fileRef = E08028EF2552EEA9005262A1 /* FoodTruckerGoodTests.swift */; };
/* End PBXBuildFile section */

/* Begin PBXContainerItemProxy section */
		E08028EC2552EEA9005262A1 /* PBXContainerItemProxy */ = {
			isa = PBXContainerItemProxy;
			containerPortal = E08028CD2552EEA8005262A1 /* Project object */;
			proxyType = 1;
			remoteGlobalIDString = E08028D42552EEA8005262A1;
			remoteInfo = FoodTruckerGood;
		};
/* End PBXContainerItemProxy section */

/* Begin PBXFileReference section */
		E08028D52552EEA8005262A1 /* FoodTruckerGood.app */ = {isa = PBXFileReference; explicitFileType = wrapper.application; includeInIndex = 0; path = FoodTruckerGood.app; sourceTree = BUILT_PRODUCTS_DIR; };
		E08028D82552EEA8005262A1 /* AppDelegate.swift */ = {isa = PBXFileReference; lastKnownFileType = sourcecode.swift; path = AppDelegate.swift; sourceTree = "<group>"; };
		E08028DA2552EEA8005262A1 /* SceneDelegate.swift */ = {isa = PBXFileReference; lastKnownFileType = sourcecode.swift; path = SceneDelegate.swift; sourceTree = "<group>"; };
		E08028DC2552EEA8005262A1 /* ViewController.swift */ = {isa = PBXFileReference; lastKnownFileType = sourcecode.swift; path = ViewController.swift; sourceTree = "<group>"; };
		E08028DF2552EEA8005262A1 /* Base */ = {isa = PBXFileReference; lastKnownFileType = file.storyboard; name = Base; path = Base.lproj/Main.storyboard; sourceTree = "<group>"; };
		E08028E12552EEA9005262A1 /* Assets.xcassets */ = {isa = PBXFileReference; lastKnownFileType = folder.assetcatalog; path = Assets.xcassets; sourceTree = "<group>"; };
		E08028E42552EEA9005262A1 /* Base */ = {isa = PBXFileReference; lastKnownFileType = file.storyboard; name = Base; path = Base.lproj/LaunchScreen.storyboard; sourceTree = "<group>"; };
		E08028E62552EEA9005262A1 /* Info.plist */ = {isa = PBXFileReference; lastKnownFileType = text.plist.xml; path = Info.plist; sourceTree = "<group>"; };
		E08028EB2552EEA9005262A1 /* FoodTruckerGoodTests.xctest */ = {isa = PBXFileReference; explicitFileType = wrapper.cfbundle; includeInIndex = 0; path = FoodTruckerGoodTests.xctest; sourceTree = BUILT_PRODUCTS_DIR; };
		E08028EF2552EEA9005262A1 /* FoodTruckerGoodTests.swift */ = {isa = PBXFileReference; lastKnownFileType = sourcecode.swift; path = FoodTruckerGoodTests.swift; sourceTree = "<group>"; };
		E08028F12552EEA9005262A1 /* Info.plist */ = {isa = PBXFileReference; lastKnownFileType = text.plist.xml; path = Info.plist; sourceTree = "<group>"; };
/* End PBXFileReference section */

/* Begin PBXFrameworksBuildPhase section */
		E08028D22552EEA8005262A1 /* Frameworks */ = {
			isa = PBXFrameworksBuildPhase;
			buildActionMask = 2147483647;
			files = (
			);
			runOnlyForDeploymentPostprocessing = 0;
		};
		E08028E82552EEA9005262A1 /* Frameworks */ = {
			isa = PBXFrameworksBuildPhase;
			buildActionMask = 2147483647;
			files = (
			);
			runOnlyForDeploymentPostprocessing = 0;
		};
/* End PBXFrameworksBuildPhase section */

/* Begin PBXGroup section */
		E08028CC2552EEA8005262A1 = {
			isa = PBXGroup;
			children = (
				E08028D72552EEA8005262A1 /* FoodTruckerGood */,
				E08028EE2552EEA9005262A1 /* FoodTruckerGoodTests */,
				E08028D62552EEA8005262A1 /* Products */,
			);
			sourceTree = "<group>";
		};
		E08028D62552EEA8005262A1 /* Products */ = {
			isa = PBXGroup;
			children = (
				E08028D52552EEA8005262A1 /* FoodTruckerGood.app */,
				E08028EB2552EEA9005262A1 /* FoodTruckerGoodTests.xctest */,
			);
			name = Products;
			sourceTree = "<group>";
		};
		E08028D72552EEA8005262A1 /* FoodTruckerGood */ = {
			isa = PBXGroup;
			children = (
				E08028D82552EEA8005262A1 /* AppDelegate.swift */,
				E08028DA2552EEA8005262A1 /* SceneDelegate.swift */,
				E08028DC2552EEA8005262A1 /* ViewController.swift */,
				E08028DE2552EEA8005262A1 /* Main.storyboard */,
				E08028E12552EEA9005262A1 /* Assets.xcassets */,
				E08028E32552EEA9005262A1 /* LaunchScreen.storyboard */,
				E08028E62552EEA9005262A1 /* Info.plist */,
			);
			path = FoodTruckerGood;
			sourceTree = "<group>";
		};
		E08028EE2552EEA9005262A1 /* FoodTruckerGoodTests */ = {
			isa = PBXGroup;
			children = (
				E08028EF2552EEA9005262A1 /* FoodTruckerGoodTests.swift */,
				E08028F12552EEA9005262A1 /* Info.plist */,
			);
			path = FoodTruckerGoodTests;
			sourceTree = "<group>";
		};
/* End PBXGroup section */

/* Begin PBXNativeTarget section */
		E08028D42552EEA8005262A1 /* FoodTruckerGood */ = {
			isa = PBXNativeTarget;
			buildConfigurationList = E08028F42552EEA9005262A1 /* Build configuration list for PBXNativeTarget "FoodTruckerGood" */;
			buildPhases = (
				E08028D12552EEA8005262A1 /* Sources */,
				E08028D22552EEA8005262A1 /* Frameworks */,
				E08028D32552EEA8005262A1 /* Resources */,
			);
			buildRules = (
			);
			dependencies = (
			);
			name = FoodTruckerGood;
			productName = FoodTruckerGood;
			productReference = E08028D52552EEA8005262A1 /* FoodTruckerGood.app */;
			productType = "com.apple.product-type.application";
		};
		E08028EA2552EEA9005262A1 /* FoodTruckerGoodTests */ = {
			isa = PBXNativeTarget;
			buildConfigurationList = E08028F72552EEA9005262A1 /* Build configuration list for PBXNativeTarget "FoodTruckerGoodTests" */;
			buildPhases = (
				E08028E72552EEA9005262A1 /* Sources */,
				E08028E82552EEA9005262A1 /* Frameworks */,
				E08028E92552EEA9005262A1 /* Resources */,
			);
			buildRules = (
			);
			dependencies = (
				E08028ED2552EEA9005262A1 /* PBXTargetDependency */,
			);
			name = FoodTruckerGoodTests;
			productName = FoodTruckerGoodTests;
			productReference = E08028EB2552EEA9005262A1 /* FoodTruckerGoodTests.xctest */;
			productType = "com.apple.product-type.bundle.unit-test";
		};
/* End PBXNativeTarget section */

/* Begin PBXProject section */
		E08028CD2552EEA8005262A1 /* Project object */ = {
			isa = PBXProject;
			attributes = {
				LastSwiftUpdateCheck = 1170;
				LastUpgradeCheck = 1170;
				ORGANIZATIONNAME = Warss;
				TargetAttributes = {
					E08028D42552EEA8005262A1 = {
						CreatedOnToolsVersion = 11.7;
					};
					E08028EA2552EEA9005262A1 = {
						CreatedOnToolsVersion = 11.7;
						TestTargetID = E08028D42552EEA8005262A1;
					};
				};
			};
			buildConfigurationList = E08028D02552EEA8005262A1 /* Build configuration list for PBXProject "FoodTruckerGood" */;
			compatibilityVersion = "Xcode 9.3";
			developmentRegion = en;
			hasScannedForEncodings = 0;
			knownRegions = (
				en,
				Base,
			);
			mainGroup = E08028CC2552EEA8005262A1;
			productRefGroup = E08028D62552EEA8005262A1 /* Products */;
			projectDirPath = "";
			projectRoot = "";
			targets = (
				E08028D42552EEA8005262A1 /* FoodTruckerGood */,
				E08028EA2552EEA9005262A1 /* FoodTruckerGoodTests */,
			);
		};
/* End PBXProject section */

/* Begin PBXResourcesBuildPhase section */
		E08028D32552EEA8005262A1 /* Resources */ = {
			isa = PBXResourcesBuildPhase;
			buildActionMask = 2147483647;
			files = (
				E08028E52552EEA9005262A1 /* LaunchScreen.storyboard in Resources */,
				E08028E22552EEA9005262A1 /* Assets.xcassets in Resources */,
				E08028E02552EEA8005262A1 /* Main.storyboard in Resources */,
			);
			runOnlyForDeploymentPostprocessing = 0;
		};
		E08028E92552EEA9005262A1 /* Resources */ = {
			isa = PBXResourcesBuildPhase;
			buildActionMask = 2147483647;
			files = (
			);
			runOnlyForDeploymentPostprocessing = 0;
		};
/* End PBXResourcesBuildPhase section */

/* Begin PBXSourcesBuildPhase section */
		E08028D12552EEA8005262A1 /* Sources */ = {
			isa = PBXSourcesBuildPhase;
			buildActionMask = 2147483647;
			files = (
				E08028DD2552EEA8005262A1 /* ViewController.swift in Sources */,
				E08028D92552EEA8005262A1 /* AppDelegate.swift in Sources */,
				E08028DB2552EEA8005262A1 /* SceneDelegate.swift in Sources */,
			);
			runOnlyForDeploymentPostprocessing = 0;
		};
		E08028E72552EEA9005262A1 /* Sources */ = {
			isa = PBXSourcesBuildPhase;
			buildActionMask = 2147483647;
			files = (
				E08028F02552EEA9005262A1 /* FoodTruckerGoodTests.swift in Sources */,
			);
			runOnlyForDeploymentPostprocessing = 0;
		};
/* End PBXSourcesBuildPhase section */

/* Begin PBXTargetDependency section */
		E08028ED2552EEA9005262A1 /* PBXTargetDependency */ = {
			isa = PBXTargetDependency;
			target = E08028D42552EEA8005262A1 /* FoodTruckerGood */;
			targetProxy = E08028EC2552EEA9005262A1 /* PBXContainerItemProxy */;
		};
/* End PBXTargetDependency section */

/* Begin PBXVariantGroup section */
		E08028DE2552EEA8005262A1 /* Main.storyboard */ = {
			isa = PBXVariantGroup;
			children = (
				E08028DF2552EEA8005262A1 /* Base */,
			);
			name = Main.storyboard;
			sourceTree = "<group>";
		};
		E08028E32552EEA9005262A1 /* LaunchScreen.storyboard */ = {
			isa = PBXVariantGroup;
			children = (
				E08028E42552EEA9005262A1 /* Base */,
			);
			name = LaunchScreen.storyboard;
			sourceTree = "<group>";
		};
/* End PBXVariantGroup section */

/* Begin XCBuildConfiguration section */
		E08028F22552EEA9005262A1 /* Debug */ = {
			isa = XCBuildConfiguration;
			buildSettings = {
				ALWAYS_SEARCH_USER_PATHS = NO;
				CLANG_ANALYZER_NONNULL = YES;
				CLANG_ANALYZER_NUMBER_OBJECT_CONVERSION = YES_AGGRESSIVE;
				CLANG_CXX_LANGUAGE_STANDARD = "gnu++14";
				CLANG_CXX_LIBRARY = "libc++";
				CLANG_ENABLE_MODULES = YES;
				CLANG_ENABLE_OBJC_ARC = YES;
				CLANG_ENABLE_OBJC_WEAK = YES;
				CLANG_WARN_BLOCK_CAPTURE_AUTORELEASING = YES;
				CLANG_WARN_BOOL_CONVERSION = YES;
				CLANG_WARN_COMMA = YES;
				CLANG_WARN_CONSTANT_CONVERSION = YES;
				CLANG_WARN_DEPRECATED_OBJC_IMPLEMENTATIONS = YES;
				CLANG_WARN_DIRECT_OBJC_ISA_USAGE = YES_ERROR;
				CLANG_WARN_DOCUMENTATION_COMMENTS = YES;
				CLANG_WARN_EMPTY_BODY = YES;
				CLANG_WARN_ENUM_CONVERSION = YES;
				CLANG_WARN_INFINITE_RECURSION = YES;
				CLANG_WARN_INT_CONVERSION = YES;
				CLANG_WARN_NON_LITERAL_NULL_CONVERSION = YES;
				CLANG_WARN_OBJC_IMPLICIT_RETAIN_SELF = YES;
				CLANG_WARN_OBJC_LITERAL_CONVERSION = YES;
				CLANG_WARN_OBJC_ROOT_CLASS = YES_ERROR;
				CLANG_WARN_RANGE_LOOP_ANALYSIS = YES;
				CLANG_WARN_STRICT_PROTOTYPES = YES;
				CLANG_WARN_SUSPICIOUS_MOVE = YES;
				CLANG_WARN_UNGUARDED_AVAILABILITY = YES_AGGRESSIVE;
				CLANG_WARN_UNREACHABLE_CODE = YES;
				CLANG_WARN__DUPLICATE_METHOD_MATCH = YES;
				COPY_PHASE_STRIP = NO;
				DEBUG_INFORMATION_FORMAT = dwarf;
				ENABLE_STRICT_OBJC_MSGSEND = YES;
				ENABLE_TESTABILITY = YES;
				GCC_C_LANGUAGE_STANDARD = gnu11;
				GCC_DYNAMIC_NO_PIC = NO;
				GCC_NO_COMMON_BLOCKS = YES;
				GCC_OPTIMIZATION_LEVEL = 0;
				GCC_PREPROCESSOR_DEFINITIONS = (
					"DEBUG=1",
					"$(inherited)",
				);
				GCC_WARN_64_TO_32_BIT_CONVERSION = YES;
				GCC_WARN_ABOUT_RETURN_TYPE = YES_ERROR;
				GCC_WARN_UNDECLARED_SELECTOR = YES;
				GCC_WARN_UNINITIALIZED_AUTOS = YES_AGGRESSIVE;
				GCC_WARN_UNUSED_FUNCTION = YES;
				GCC_WARN_UNUSED_VARIABLE = YES;
				IPHONEOS_DEPLOYMENT_TARGET = 13.7;
				MTL_ENABLE_DEBUG_INFO = INCLUDE_SOURCE;
				MTL_FAST_MATH = YES;
				ONLY_ACTIVE_ARCH = YES;
				SDKROOT = iphoneos;
				SWIFT_ACTIVE_COMPILATION_CONDITIONS = DEBUG;
				SWIFT_OPTIMIZATION_LEVEL = "-Onone";
			};
			name = Debug;
		};
		E08028F32552EEA9005262A1 /* Release */ = {
			isa = XCBuildConfiguration;
			buildSettings = {
				ALWAYS_SEARCH_USER_PATHS = NO;
				CLANG_ANALYZER_NONNULL = YES;
				CLANG_ANALYZER_NUMBER_OBJECT_CONVERSION = YES_AGGRESSIVE;
				CLANG_CXX_LANGUAGE_STANDARD = "gnu++14";
				CLANG_CXX_LIBRARY = "libc++";
				CLANG_ENABLE_MODULES = YES;
				CLANG_ENABLE_OBJC_ARC = YES;
				CLANG_ENABLE_OBJC_WEAK = YES;
				CLANG_WARN_BLOCK_CAPTURE_AUTORELEASING = YES;
				CLANG_WARN_BOOL_CONVERSION = YES;
				CLANG_WARN_COMMA = YES;
				CLANG_WARN_CONSTANT_CONVERSION = YES;
				CLANG_WARN_DEPRECATED_OBJC_IMPLEMENTATIONS = YES;
				CLANG_WARN_DIRECT_OBJC_ISA_USAGE = YES_ERROR;
				CLANG_WARN_DOCUMENTATION_COMMENTS = YES;
				CLANG_WARN_EMPTY_BODY = YES;
				CLANG_WARN_ENUM_CONVERSION = YES;
				CLANG_WARN_INFINITE_RECURSION = YES;
				CLANG_WARN_INT_CONVERSION = YES;
				CLANG_WARN_NON_LITERAL_NULL_CONVERSION = YES;
				CLANG_WARN_OBJC_IMPLICIT_RETAIN_SELF = YES;
				CLANG_WARN_OBJC_LITERAL_CONVERSION = YES;
				CLANG_WARN_OBJC_ROOT_CLASS = YES_ERROR;
				CLANG_WARN_RANGE_LOOP_ANALYSIS = YES;
				CLANG_WARN_STRICT_PROTOTYPES = YES;
				CLANG_WARN_SUSPICIOUS_MOVE = YES;
				CLANG_WARN_UNGUARDED_AVAILABILITY = YES_AGGRESSIVE;
				CLANG_WARN_UNREACHABLE_CODE = YES;
				CLANG_WARN__DUPLICATE_METHOD_MATCH = YES;
				COPY_PHASE_STRIP = NO;
				DEBUG_INFORMATION_FORMAT = "dwarf-with-dsym";
				ENABLE_NS_ASSERTIONS = NO;
				ENABLE_STRICT_OBJC_MSGSEND = YES;
				GCC_C_LANGUAGE_STANDARD = gnu11;
				GCC_NO_COMMON_BLOCKS = YES;
				GCC_WARN_64_TO_32_BIT_CONVERSION = YES;
				GCC_WARN_ABOUT_RETURN_TYPE = YES_ERROR;
				GCC_WARN_UNDECLARED_SELECTOR = YES;
				GCC_WARN_UNINITIALIZED_AUTOS = YES_AGGRESSIVE;
				GCC_WARN_UNUSED_FUNCTION = YES;
				GCC_WARN_UNUSED_VARIABLE = YES;
				IPHONEOS_DEPLOYMENT_TARGET = 13.7;
				MTL_ENABLE_DEBUG_INFO = NO;
				MTL_FAST_MATH = YES;
				SDKROOT = iphoneos;
				SWIFT_COMPILATION_MODE = wholemodule;
				SWIFT_OPTIMIZATION_LEVEL = "-O";
				VALIDATE_PRODUCT = YES;
			};
			name = Release;
		};
		E08028F52552EEA9005262A1 /* Debug */ = {
			isa = XCBuildConfiguration;
			buildSettings = {
				ASSETCATALOG_COMPILER_APPICON_NAME = AppIcon;
				CODE_SIGN_STYLE = Automatic;
				INFOPLIST_FILE = FoodTruckerGood/Info.plist;
				LD_RUNPATH_SEARCH_PATHS = (
					"$(inherited)",
					"@executable_path/Frameworks",
				);
				PRODUCT_BUNDLE_IDENTIFIER = warss.FoodTruckerGood;
				PRODUCT_NAME = "$(TARGET_NAME)";
				SWIFT_VERSION = 5.0;
				TARGETED_DEVICE_FAMILY = "1,2";
			};
			name = Debug;
		};
		E08028F62552EEA9005262A1 /* Release */ = {
			isa = XCBuildConfiguration;
			buildSettings = {
				ASSETCATALOG_COMPILER_APPICON_NAME = AppIcon;
				CODE_SIGN_STYLE = Automatic;
				INFOPLIST_FILE = FoodTruckerGood/Info.plist;
				LD_RUNPATH_SEARCH_PATHS = (
					"$(inherited)",
					"@executable_path/Frameworks",
				);
				PRODUCT_BUNDLE_IDENTIFIER = warss.FoodTruckerGood;
				PRODUCT_NAME = "$(TARGET_NAME)";
				SWIFT_VERSION = 5.0;
				TARGETED_DEVICE_FAMILY = "1,2";
			};
			name = Release;
		};
		E08028F82552EEA9005262A1 /* Debug */ = {
			isa = XCBuildConfiguration;
			buildSettings = {
				ALWAYS_EMBED_SWIFT_STANDARD_LIBRARIES = YES;
				BUNDLE_LOADER = "$(TEST_HOST)";
				CODE_SIGN_STYLE = Automatic;
				INFOPLIST_FILE = FoodTruckerGoodTests/Info.plist;
				IPHONEOS_DEPLOYMENT_TARGET = 13.7;
				LD_RUNPATH_SEARCH_PATHS = (
					"$(inherited)",
					"@executable_path/Frameworks",
					"@loader_path/Frameworks",
				);
				PRODUCT_BUNDLE_IDENTIFIER = warss.FoodTruckerGoodTests;
				PRODUCT_NAME = "$(TARGET_NAME)";
				SWIFT_VERSION = 5.0;
				TARGETED_DEVICE_FAMILY = "1,2";
				TEST_HOST = "$(BUILT_PRODUCTS_DIR)/FoodTruckerGood.app/FoodTruckerGood";
			};
			name = Debug;
		};
		E08028F92552EEA9005262A1 /* Release */ = {
			isa = XCBuildConfiguration;
			buildSettings = {
				ALWAYS_EMBED_SWIFT_STANDARD_LIBRARIES = YES;
				BUNDLE_LOADER = "$(TEST_HOST)";
				CODE_SIGN_STYLE = Automatic;
				INFOPLIST_FILE = FoodTruckerGoodTests/Info.plist;
				IPHONEOS_DEPLOYMENT_TARGET = 13.7;
				LD_RUNPATH_SEARCH_PATHS = (
					"$(inherited)",
					"@executable_path/Frameworks",
					"@loader_path/Frameworks",
				);
				PRODUCT_BUNDLE_IDENTIFIER = warss.FoodTruckerGoodTests;
				PRODUCT_NAME = "$(TARGET_NAME)";
				SWIFT_VERSION = 5.0;
				TARGETED_DEVICE_FAMILY = "1,2";
				TEST_HOST = "$(BUILT_PRODUCTS_DIR)/FoodTruckerGood.app/FoodTruckerGood";
			};
			name = Release;
		};
/* End XCBuildConfiguration section */

/* Begin XCConfigurationList section */
		E08028D02552EEA8005262A1 /* Build configuration list for PBXProject "FoodTruckerGood" */ = {
			isa = XCConfigurationList;
			buildConfigurations = (
				E08028F22552EEA9005262A1 /* Debug */,
				E08028F32552EEA9005262A1 /* Release */,
			);
			defaultConfigurationIsVisible = 0;
			defaultConfigurationName = Release;
		};
		E08028F42552EEA9005262A1 /* Build configuration list for PBXNativeTarget "FoodTruckerGood" */ = {
			isa = XCConfigurationList;
			buildConfigurations = (
				E08028F52552EEA9005262A1 /* Debug */,
				E08028F62552EEA9005262A1 /* Release */,
			);
			defaultConfigurationIsVisible = 0;
			defaultConfigurationName = Release;
		};
		E08028F72552EEA9005262A1 /* Build configuration list for PBXNativeTarget "FoodTruckerGoodTests" */ = {
			isa = XCConfigurationList;
			buildConfigurations = (
				E08028F82552EEA9005262A1 /* Debug */,
				E08028F92552EEA9005262A1 /* Release */,
			);
			defaultConfigurationIsVisible = 0;
			defaultConfigurationName = Release;
		};
/* End XCConfigurationList section */
	};
	rootObject = E08028CD2552EEA8005262A1 /* Project object */;
}
